
Microsoft Visual Studio Solution File, Format Version 12.00
# Visual Studio 14
VisualStudioVersion = 14.0.24720.0
MinimumVisualStudioVersion = 10.0.40219.1
Project("{FAE04EC0-301F-11D3-BF4B-00C04F79EFBC}") = "RemoveImageNoise", "RemoveImageNoise\RemoveImageNoise.csproj", "{FBCA7465-6173-4E35-8D5D-751BB732F608}"
EndProject
Global
	GlobalSection(SolutionConfigurationPlatforms) = preSolution
		Debug|Any CPU = Debug|Any CPU
		Release|Any CPU = Release|Any CPU
	EndGlobalSection
	GlobalSection(ProjectConfigurationPlatforms) = postSolution
		{FBCA7465-6173-4E35-8D5D-751BB732F608}.Debug|Any CPU.ActiveCfg = Debug|Any CPU
		{FBCA7465-6173-4E35-8D5D-751BB732F608}.Debug|Any CPU.Build.0 = Debug|Any CPU
		{FBCA7465-6173-4E35-8D5D-751BB732F608}.Release|Any CPU.ActiveCfg = Release|Any CPU
		{FBCA7465-6173-4E35-8D5D-751BB732F608}.Release|Any CPU.Build.0 = Release|Any CPU
	EndGlobalSection
	GlobalSection(SolutionProperties) = preSolution
		HideSolutionNode = FALSE
	EndGlobalSection
EndGlobal
